
Microsoft Visual Studio Solution File, Format Version 12.00
# Visual Studio 15
VisualStudioVersion = 15.0.27703.2035
MinimumVisualStudioVersion = 10.0.40219.1
Project("{FAE04EC0-301F-11D3-BF4B-00C04F79EFBC}") = "WindowsFormsBus", "WindowsFormsBus\WindowsFormsBus.csproj", "{A1B205CB-BB05-44F2-BA4B-91C2B79F9DE3}"
EndProject
Global
	GlobalSection(SolutionConfigurationPlatforms) = preSolution
		Debug|Any CPU = Debug|Any CPU
		Release|Any CPU = Release|Any CPU
	EndGlobalSection
	GlobalSection(ProjectConfigurationPlatforms) = postSolution
		{A1B205CB-BB05-44F2-BA4B-91C2B79F9DE3}.Debug|Any CPU.ActiveCfg = Debug|Any CPU
		{A1B205CB-BB05-44F2-BA4B-91C2B79F9DE3}.Debug|Any CPU.Build.0 = Debug|Any CPU
		{A1B205CB-BB05-44F2-BA4B-91C2B79F9DE3}.Release|Any CPU.ActiveCfg = Release|Any CPU
		{A1B205CB-BB05-44F2-BA4B-91C2B79F9DE3}.Release|Any CPU.Build.0 = Release|Any CPU
	EndGlobalSection
	GlobalSection(SolutionProperties) = preSolution
		HideSolutionNode = FALSE
	EndGlobalSection
	GlobalSection(ExtensibilityGlobals) = postSolution
		SolutionGuid = {06DF7B41-F6A0-4877-B2F5-722A434D2E4A}
	EndGlobalSection
EndGlobal
